
Microsoft Visual Studio Solution File, Format Version 12.00
Project("{9A19103F-16F7-4668-BE54-9A1E7A4F7556}") = "_build", "build\_build.csproj", "{C3E0E522-3D40-4CDA-B0C2-FCFF6D66AD3E}"
EndProject
Project("{FAE04EC0-301F-11D3-BF4B-00C04F79EFBC}") = "Test262Harness", "src\Test262Harness\Test262Harness.csproj", "{98F4CECD-837B-48B9-B7E2-A72BDD53D8D1}"
EndProject
Project("{FAE04EC0-301F-11D3-BF4B-00C04F79EFBC}") = "Test262Harness.Runner", "src\Test262Harness.Runner\Test262Harness.Runner.csproj", "{5036C7C0-B559-4389-87E8-871E19F46D2A}"
EndProject
Project("{FAE04EC0-301F-11D3-BF4B-00C04F79EFBC}") = "Test262Harness.Generator", "src\Test262Harness.Generator\Test262Harness.Generator.csproj", "{00783CCC-4846-4BB0-9DD2-ACD0B6256511}"
EndProject
Project("{2150E333-8FDC-42A3-9474-1A3956D46DE8}") = "Solution Items", "Solution Items", "{766D3EDA-21C8-4AD5-B391-0E1D9E42D1AF}"
	ProjectSection(SolutionItems) = preProject
		.editorconfig = .editorconfig
		Directory.Build.props = Directory.Build.props
		global.json = global.json
		README.md = README.md
		Directory.Packages.props = Directory.Packages.props
	EndProjectSection
EndProject
Project("{FAE04EC0-301F-11D3-BF4B-00C04F79EFBC}") = "Test262Harness.Console", "src\Test262Harness.Console\Test262Harness.Console.csproj", "{84B9B049-F0D8-4528-8A05-47CDF2C86415}"
EndProject
Project("{FAE04EC0-301F-11D3-BF4B-00C04F79EFBC}") = "Test262Harness.Tests", "test\Test262Harness.Tests\Test262Harness.Tests.csproj", "{2DA14BAF-34DA-409B-942E-5CEB4EF6B9E0}"
EndProject
Global
	GlobalSection(SolutionConfigurationPlatforms) = preSolution
		Debug|Any CPU = Debug|Any CPU
		Release|Any CPU = Release|Any CPU
	EndGlobalSection
	GlobalSection(ProjectConfigurationPlatforms) = postSolution
		{C3E0E522-3D40-4CDA-B0C2-FCFF6D66AD3E}.Debug|Any CPU.ActiveCfg = Debug|Any CPU
		{C3E0E522-3D40-4CDA-B0C2-FCFF6D66AD3E}.Release|Any CPU.ActiveCfg = Release|Any CPU
		{98F4CECD-837B-48B9-B7E2-A72BDD53D8D1}.Debug|Any CPU.ActiveCfg = Debug|Any CPU
		{98F4CECD-837B-48B9-B7E2-A72BDD53D8D1}.Debug|Any CPU.Build.0 = Debug|Any CPU
		{98F4CECD-837B-48B9-B7E2-A72BDD53D8D1}.Release|Any CPU.ActiveCfg = Release|Any CPU
		{98F4CECD-837B-48B9-B7E2-A72BDD53D8D1}.Release|Any CPU.Build.0 = Release|Any CPU
		{5036C7C0-B559-4389-87E8-871E19F46D2A}.Debug|Any CPU.ActiveCfg = Debug|Any CPU
		{5036C7C0-B559-4389-87E8-871E19F46D2A}.Debug|Any CPU.Build.0 = Debug|Any CPU
		{5036C7C0-B559-4389-87E8-871E19F46D2A}.Release|Any CPU.ActiveCfg = Release|Any CPU
		{5036C7C0-B559-4389-87E8-871E19F46D2A}.Release|Any CPU.Build.0 = Release|Any CPU
		{00783CCC-4846-4BB0-9DD2-ACD0B6256511}.Debug|Any CPU.ActiveCfg = Debug|Any CPU
		{00783CCC-4846-4BB0-9DD2-ACD0B6256511}.Debug|Any CPU.Build.0 = Debug|Any CPU
		{00783CCC-4846-4BB0-9DD2-ACD0B6256511}.Release|Any CPU.ActiveCfg = Release|Any CPU
		{00783CCC-4846-4BB0-9DD2-ACD0B6256511}.Release|Any CPU.Build.0 = Release|Any CPU
		{84B9B049-F0D8-4528-8A05-47CDF2C86415}.Debug|Any CPU.ActiveCfg = Debug|Any CPU
		{84B9B049-F0D8-4528-8A05-47CDF2C86415}.Debug|Any CPU.Build.0 = Debug|Any CPU
		{84B9B049-F0D8-4528-8A05-47CDF2C86415}.Release|Any CPU.ActiveCfg = Release|Any CPU
		{84B9B049-F0D8-4528-8A05-47CDF2C86415}.Release|Any CPU.Build.0 = Release|Any CPU
		{2DA14BAF-34DA-409B-942E-5CEB4EF6B9E0}.Debug|Any CPU.ActiveCfg = Debug|Any CPU
		{2DA14BAF-34DA-409B-942E-5CEB4EF6B9E0}.Debug|Any CPU.Build.0 = Debug|Any CPU
		{2DA14BAF-34DA-409B-942E-5CEB4EF6B9E0}.Release|Any CPU.ActiveCfg = Release|Any CPU
		{2DA14BAF-34DA-409B-942E-5CEB4EF6B9E0}.Release|Any CPU.Build.0 = Release|Any CPU
	EndGlobalSection
	GlobalSection(NestedProjects) = preSolution
	EndGlobalSection
EndGlobal
